
Microsoft Visual Studio Solution File, Format Version 12.00
# Visual Studio Version 17
VisualStudioVersion = 17.4.33213.308
MinimumVisualStudioVersion = 10.0.40219.1
Project("{FAE04EC0-301F-11D3-BF4B-00C04F79EFBC}") = "ConsoleApp_aulaEF", "ConsoleApp_aulaEF\ConsoleApp_aulaEF.csproj", "{7017C3C2-8C65-4386-82EE-B72E9D12F452}"
EndProject
Global
	GlobalSection(SolutionConfigurationPlatforms) = preSolution
		Debug|Any CPU = Debug|Any CPU
		Release|Any CPU = Release|Any CPU
	EndGlobalSection
	GlobalSection(ProjectConfigurationPlatforms) = postSolution
		{7017C3C2-8C65-4386-82EE-B72E9D12F452}.Debug|Any CPU.ActiveCfg = Debug|Any CPU
		{7017C3C2-8C65-4386-82EE-B72E9D12F452}.Debug|Any CPU.Build.0 = Debug|Any CPU
		{7017C3C2-8C65-4386-82EE-B72E9D12F452}.Release|Any CPU.ActiveCfg = Release|Any CPU
		{7017C3C2-8C65-4386-82EE-B72E9D12F452}.Release|Any CPU.Build.0 = Release|Any CPU
	EndGlobalSection
	GlobalSection(SolutionProperties) = preSolution
		HideSolutionNode = FALSE
	EndGlobalSection
	GlobalSection(ExtensibilityGlobals) = postSolution
		SolutionGuid = {A98D6B64-BA36-458E-8AC0-99B27FF2EB62}
	EndGlobalSection
EndGlobal
